# This file is generated by running "yarn install" inside your project.
# Manual changes might be lost - proceed with caution!

__metadata:
  version: 10
  cacheKey: 10c0

"mudarro-child-modern-a@workspace:packages/a":
  version: 0.0.0-use.local
  resolution: "mudarro-child-modern-a@workspace:packages/a"
  languageName: unknown
  linkType: soft

"mudarro-child-modern-b@workspace:packages/b":
  version: 0.0.0-use.local
  resolution: "mudarro-child-modern-b@workspace:packages/b"
  languageName: unknown
  linkType: soft

"mudarro-workspace-modern@workspace:.":
  version: 0.0.0-use.local
  resolution: "mudarro-workspace-modern@workspace:."
  languageName: unknown
  linkType: soft
